
Microsoft Visual Studio Solution File, Format Version 12.00
# Visual Studio Version 17
VisualStudioVersion = 17.1.32414.318
MinimumVisualStudioVersion = 10.0.40219.1
Project("{9A19103F-16F7-4668-BE54-9A1E7A4F7556}") = "balancedBrackets", "balancedBrackets.csproj", "{1E4C23A7-9CE1-42CB-A5AB-6B61FBF18127}"
EndProject
Global
	GlobalSection(SolutionConfigurationPlatforms) = preSolution
		Debug|Any CPU = Debug|Any CPU
		Release|Any CPU = Release|Any CPU
	EndGlobalSection
	GlobalSection(ProjectConfigurationPlatforms) = postSolution
		{1E4C23A7-9CE1-42CB-A5AB-6B61FBF18127}.Debug|Any CPU.ActiveCfg = Debug|Any CPU
		{1E4C23A7-9CE1-42CB-A5AB-6B61FBF18127}.Debug|Any CPU.Build.0 = Debug|Any CPU
		{1E4C23A7-9CE1-42CB-A5AB-6B61FBF18127}.Release|Any CPU.ActiveCfg = Release|Any CPU
		{1E4C23A7-9CE1-42CB-A5AB-6B61FBF18127}.Release|Any CPU.Build.0 = Release|Any CPU
	EndGlobalSection
	GlobalSection(SolutionProperties) = preSolution
		HideSolutionNode = FALSE
	EndGlobalSection
	GlobalSection(ExtensibilityGlobals) = postSolution
		SolutionGuid = {686E450B-8211-45B4-B767-8D3E3C23719A}
	EndGlobalSection
EndGlobal
